
Microsoft Visual Studio Solution File, Format Version 12.00
# Visual Studio Version 17
VisualStudioVersion = 17.4.33205.214
MinimumVisualStudioVersion = 10.0.40219.1
Project("{FAE04EC0-301F-11D3-BF4B-00C04F79EFBC}") = "apiArticulos", "apiArticulos\apiArticulos.csproj", "{4F0587A1-5221-4C1A-9ADB-3B80AE1CF7AB}"
EndProject
Global
	GlobalSection(SolutionConfigurationPlatforms) = preSolution
		Debug|Any CPU = Debug|Any CPU
		Release|Any CPU = Release|Any CPU
	EndGlobalSection
	GlobalSection(ProjectConfigurationPlatforms) = postSolution
		{4F0587A1-5221-4C1A-9ADB-3B80AE1CF7AB}.Debug|Any CPU.ActiveCfg = Debug|Any CPU
		{4F0587A1-5221-4C1A-9ADB-3B80AE1CF7AB}.Debug|Any CPU.Build.0 = Debug|Any CPU
		{4F0587A1-5221-4C1A-9ADB-3B80AE1CF7AB}.Release|Any CPU.ActiveCfg = Release|Any CPU
		{4F0587A1-5221-4C1A-9ADB-3B80AE1CF7AB}.Release|Any CPU.Build.0 = Release|Any CPU
	EndGlobalSection
	GlobalSection(SolutionProperties) = preSolution
		HideSolutionNode = FALSE
	EndGlobalSection
	GlobalSection(ExtensibilityGlobals) = postSolution
		SolutionGuid = {7D98E9BE-6217-417D-B737-AD6B2F05F8AF}
	EndGlobalSection
EndGlobal
